
Microsoft Visual Studio Solution File, Format Version 12.00
# Visual Studio Version 16
VisualStudioVersion = 16.0.32510.428
MinimumVisualStudioVersion = 10.0.40219.1
Project("{FAE04EC0-301F-11D3-BF4B-00C04F79EFBC}") = "aula02", "aula02\aula02.csproj", "{28627F47-FF6E-4F50-8690-DB5E62597160}"
EndProject
Global
	GlobalSection(SolutionConfigurationPlatforms) = preSolution
		Debug|Any CPU = Debug|Any CPU
		Release|Any CPU = Release|Any CPU
	EndGlobalSection
	GlobalSection(ProjectConfigurationPlatforms) = postSolution
		{28627F47-FF6E-4F50-8690-DB5E62597160}.Debug|Any CPU.ActiveCfg = Debug|Any CPU
		{28627F47-FF6E-4F50-8690-DB5E62597160}.Debug|Any CPU.Build.0 = Debug|Any CPU
		{28627F47-FF6E-4F50-8690-DB5E62597160}.Release|Any CPU.ActiveCfg = Release|Any CPU
		{28627F47-FF6E-4F50-8690-DB5E62597160}.Release|Any CPU.Build.0 = Release|Any CPU
	EndGlobalSection
	GlobalSection(SolutionProperties) = preSolution
		HideSolutionNode = FALSE
	EndGlobalSection
	GlobalSection(ExtensibilityGlobals) = postSolution
		SolutionGuid = {1A97F8B1-39DD-47CE-8B7F-D8C710878429}
	EndGlobalSection
EndGlobal
